
Microsoft Visual Studio Solution File, Format Version 12.00
# Visual Studio Version 16
VisualStudioVersion = 16.0.31424.327
MinimumVisualStudioVersion = 10.0.40219.1
Project("{FAE04EC0-301F-11D3-BF4B-00C04F79EFBC}") = "ConsoleApp1", "ConsoleApp1.csproj", "{DFB13FEE-F782-4F2B-A696-F8C1C5AA5BA7}"
EndProject
Global
	GlobalSection(SolutionConfigurationPlatforms) = preSolution
		Debug|Any CPU = Debug|Any CPU
		Release|Any CPU = Release|Any CPU
	EndGlobalSection
	GlobalSection(ProjectConfigurationPlatforms) = postSolution
		{DFB13FEE-F782-4F2B-A696-F8C1C5AA5BA7}.Debug|Any CPU.ActiveCfg = Debug|Any CPU
		{DFB13FEE-F782-4F2B-A696-F8C1C5AA5BA7}.Debug|Any CPU.Build.0 = Debug|Any CPU
		{DFB13FEE-F782-4F2B-A696-F8C1C5AA5BA7}.Release|Any CPU.ActiveCfg = Release|Any CPU
		{DFB13FEE-F782-4F2B-A696-F8C1C5AA5BA7}.Release|Any CPU.Build.0 = Release|Any CPU
	EndGlobalSection
	GlobalSection(SolutionProperties) = preSolution
		HideSolutionNode = FALSE
	EndGlobalSection
	GlobalSection(ExtensibilityGlobals) = postSolution
		SolutionGuid = {66A5AA7A-43EE-4842-BCF5-5B2D582830C8}
	EndGlobalSection
EndGlobal
